
Microsoft Visual Studio Solution File, Format Version 12.00
# Visual Studio Version 17
VisualStudioVersion = 17.7.34009.444
MinimumVisualStudioVersion = 10.0.40219.1
Project("{9A19103F-16F7-4668-BE54-9A1E7A4F7556}") = "BookStore", "BookStore\BookStore.csproj", "{999BE6B4-B70C-43A2-8B5A-E87D697B8581}"
EndProject
Project("{9A19103F-16F7-4668-BE54-9A1E7A4F7556}") = "BookStore.DataAccess", "BookStore.DataAccess\BookStore.DataAccess.csproj", "{B368A871-4ECB-458B-9102-47C472752AAF}"
EndProject
Project("{9A19103F-16F7-4668-BE54-9A1E7A4F7556}") = "BookStore.Models", "BookStore.Models\BookStore.Models.csproj", "{618F2740-288D-407C-AD12-DB51BC7F2CBF}"
EndProject
Project("{9A19103F-16F7-4668-BE54-9A1E7A4F7556}") = "BookStore.Utility", "BookStore.Utility\BookStore.Utility.csproj", "{899B2AD4-8273-498A-B0AE-8FEA4004BF59}"
EndProject
Global
	GlobalSection(SolutionConfigurationPlatforms) = preSolution
		Debug|Any CPU = Debug|Any CPU
		Release|Any CPU = Release|Any CPU
	EndGlobalSection
	GlobalSection(ProjectConfigurationPlatforms) = postSolution
		{999BE6B4-B70C-43A2-8B5A-E87D697B8581}.Debug|Any CPU.ActiveCfg = Debug|Any CPU
		{999BE6B4-B70C-43A2-8B5A-E87D697B8581}.Debug|Any CPU.Build.0 = Debug|Any CPU
		{999BE6B4-B70C-43A2-8B5A-E87D697B8581}.Release|Any CPU.ActiveCfg = Release|Any CPU
		{999BE6B4-B70C-43A2-8B5A-E87D697B8581}.Release|Any CPU.Build.0 = Release|Any CPU
		{B368A871-4ECB-458B-9102-47C472752AAF}.Debug|Any CPU.ActiveCfg = Debug|Any CPU
		{B368A871-4ECB-458B-9102-47C472752AAF}.Debug|Any CPU.Build.0 = Debug|Any CPU
		{B368A871-4ECB-458B-9102-47C472752AAF}.Release|Any CPU.ActiveCfg = Release|Any CPU
		{B368A871-4ECB-458B-9102-47C472752AAF}.Release|Any CPU.Build.0 = Release|Any CPU
		{618F2740-288D-407C-AD12-DB51BC7F2CBF}.Debug|Any CPU.ActiveCfg = Debug|Any CPU
		{618F2740-288D-407C-AD12-DB51BC7F2CBF}.Debug|Any CPU.Build.0 = Debug|Any CPU
		{618F2740-288D-407C-AD12-DB51BC7F2CBF}.Release|Any CPU.ActiveCfg = Release|Any CPU
		{618F2740-288D-407C-AD12-DB51BC7F2CBF}.Release|Any CPU.Build.0 = Release|Any CPU
		{899B2AD4-8273-498A-B0AE-8FEA4004BF59}.Debug|Any CPU.ActiveCfg = Debug|Any CPU
		{899B2AD4-8273-498A-B0AE-8FEA4004BF59}.Debug|Any CPU.Build.0 = Debug|Any CPU
		{899B2AD4-8273-498A-B0AE-8FEA4004BF59}.Release|Any CPU.ActiveCfg = Release|Any CPU
		{899B2AD4-8273-498A-B0AE-8FEA4004BF59}.Release|Any CPU.Build.0 = Release|Any CPU
	EndGlobalSection
	GlobalSection(SolutionProperties) = preSolution
		HideSolutionNode = FALSE
	EndGlobalSection
	GlobalSection(ExtensibilityGlobals) = postSolution
		SolutionGuid = {38EAC1E3-97F5-4D53-AC92-07228BA92D87}
	EndGlobalSection
EndGlobal
